// !$*UTF8*$!
{
	archiveVersion = 1;
	classes = {
	};
	objectVersion = 46;
	objects = {

/* Begin PBXBuildFile section */
		1D60589F0D05DD5A006BFB54 /* Foundation.framework in Frameworks */ = {isa = PBXBuildFile; fileRef = 1D30AB110D05D00D00671497 /* Foundation.framework */; };
		1DF5F4E00D08C38300B7A737 /* UIKit.framework in Frameworks */ = {isa = PBXBuildFile; fileRef = 1DF5F4DF0D08C38300B7A737 /* UIKit.framework */; };
		288765FD0DF74451002DB57D /* CoreGraphics.framework in Frameworks */ = {isa = PBXBuildFile; fileRef = 288765FC0DF74451002DB57D /* CoreGraphics.framework */; };
		5326AEA810A23A0500278DE6 /* CoreLocation.framework in Frameworks */ = {isa = PBXBuildFile; fileRef = 5326AEA710A23A0500278DE6 /* CoreLocation.framework */; };
		53F323EB10A20EDB00E0DAE4 /* OpenAL.framework in Frameworks */ = {isa = PBXBuildFile; fileRef = 53F323EA10A20EDB00E0DAE4 /* OpenAL.framework */; };
		6714A6FC1B8AD79C00529509 /* AppDelegate.mm in Sources */ = {isa = PBXBuildFile; fileRef = 6714A6F91B8AD79C00529509 /* AppDelegate.mm */; };
		6714A6FD1B8AD79C00529509 /* AppViewController.mm in Sources */ = {isa = PBXBuildFile; fileRef = 6714A6FB1B8AD79C00529509 /* AppViewController.mm */; };
		673A08A91B916CE900C39753 /* ofApp02.mm in Sources */ = {isa = PBXBuildFile; fileRef = 673A08941B916CE900C39753 /* ofApp02.mm */; };
		673A08AA1B916CE900C39753 /* ofApp03.mm in Sources */ = {isa = PBXBuildFile; fileRef = 673A08961B916CE900C39753 /* ofApp03.mm */; };
		673A08AB1B916CE900C39753 /* ofApp04.mm in Sources */ = {isa = PBXBuildFile; fileRef = 673A08981B916CE900C39753 /* ofApp04.mm */; };
		673A08AC1B916CE900C39753 /* ofApp05.mm in Sources */ = {isa = PBXBuildFile; fileRef = 673A089A1B916CE900C39753 /* ofApp05.mm */; };
		673A08AD1B916CE900C39753 /* ofApp06.mm in Sources */ = {isa = PBXBuildFile; fileRef = 673A089C1B916CE900C39753 /* ofApp06.mm */; };
		673A08AE1B916CE900C39753 /* ofApp07.mm in Sources */ = {isa = PBXBuildFile; fileRef = 673A089E1B916CE900C39753 /* ofApp07.mm */; };
		673A08AF1B916CE900C39753 /* ofApp08.mm in Sources */ = {isa = PBXBuildFile; fileRef = 673A08A01B916CE900C39753 /* ofApp08.mm */; };
		673A08B01B916CE900C39753 /* ofApp09.mm in Sources */ = {isa = PBXBuildFile; fileRef = 673A08A21B916CE900C39753 /* ofApp09.mm */; };
		673A08B11B916CE900C39753 /* ofApp10.mm in Sources */ = {isa = PBXBuildFile; fileRef = 673A08A41B916CE900C39753 /* ofApp10.mm */; };
		673A08B21B916CE900C39753 /* ofApp11.mm in Sources */ = {isa = PBXBuildFile; fileRef = 673A08A61B916CE900C39753 /* ofApp11.mm */; };
		673A08B31B916CE900C39753 /* ofApp12.mm in Sources */ = {isa = PBXBuildFile; fileRef = 673A08A81B916CE900C39753 /* ofApp12.mm */; };
		67C8C4611B92B512000F9E8D /* ofApp.mm in Sources */ = {isa = PBXBuildFile; fileRef = 67C8C4601B92B512000F9E8D /* ofApp.mm */; };
		67CE7BB71B8B54730095D0F9 /* AppViewController.xib in Resources */ = {isa = PBXBuildFile; fileRef = 67CE7BB61B8B54730095D0F9 /* AppViewController.xib */; };
		67D43B671B9172CE0020C54A /* iosTests-Media.xcassets in Resources */ = {isa = PBXBuildFile; fileRef = 67D43B661B9172CE0020C54A /* iosTests-Media.xcassets */; };
		67DFA53619F92A69003B3434 /* Accelerate.framework in Frameworks */ = {isa = PBXBuildFile; fileRef = 67DFA53419F92A5E003B3434 /* Accelerate.framework */; };
		67F841441B8AD9CD00C47ABA /* ofApp01.mm in Sources */ = {isa = PBXBuildFile; fileRef = 67F841431B8AD9CD00C47ABA /* ofApp01.mm */; };
		BB16EBD20F2B2A9500518274 /* OpenGLES.framework in Frameworks */ = {isa = PBXBuildFile; fileRef = BB16EBD10F2B2A9500518274 /* OpenGLES.framework */; };
		BB16EBD90F2B2AB500518274 /* QuartzCore.framework in Frameworks */ = {isa = PBXBuildFile; fileRef = BB16EBD80F2B2AB500518274 /* QuartzCore.framework */; };
		BBE5EAB80F49AD8400F28951 /* AudioToolbox.framework in Frameworks */ = {isa = PBXBuildFile; fileRef = BBE5EAB70F49AD8400F28951 /* AudioToolbox.framework */; };
		E41D400B13B39D2100A75A5D /* AVFoundation.framework in Frameworks */ = {isa = PBXBuildFile; fileRef = E41D400613B39D2100A75A5D /* AVFoundation.framework */; };
		E41D400C13B39D2100A75A5D /* CoreMedia.framework in Frameworks */ = {isa = PBXBuildFile; fileRef = E41D400713B39D2100A75A5D /* CoreMedia.framework */; };
		E41D400D13B39D2100A75A5D /* CoreVideo.framework in Frameworks */ = {isa = PBXBuildFile; fileRef = E41D400813B39D2100A75A5D /* CoreVideo.framework */; };
		E41D400E13B39D2100A75A5D /* MapKit.framework in Frameworks */ = {isa = PBXBuildFile; fileRef = E41D400913B39D2100A75A5D /* MapKit.framework */; };
		E41D421413B3A95300A75A5D /* libofxiOS_iphoneos_Debug.a in Frameworks */ = {isa = PBXBuildFile; fileRef = E41D410213B3A0D800A75A5D /* libofxiOS_iphoneos_Debug.a */; };
		E4D8936E11527B74007E1F53 /* main.mm in Sources */ = {isa = PBXBuildFile; fileRef = E4D8936B11527B74007E1F53 /* main.mm */; };
/* End PBXBuildFile section */

/* Begin PBXContainerItemProxy section */
		E41D410113B3A0D800A75A5D /* PBXContainerItemProxy */ = {
			isa = PBXContainerItemProxy;
			containerPortal = E41D40FD13B3A0D800A75A5D /* iOS+OFLib.xcodeproj */;
			proxyType = 2;
			remoteGlobalIDString = BB24DED610DA7A3F00E9C588;
			remoteInfo = "iPhone+OF Static Library";
		};
		E41D410313B3A11300A75A5D /* PBXContainerItemProxy */ = {
			isa = PBXContainerItemProxy;
			containerPortal = E41D40FD13B3A0D800A75A5D /* iOS+OFLib.xcodeproj */;
			proxyType = 1;
			remoteGlobalIDString = BB24DE5C10DA7A3F00E9C588;
			remoteInfo = "iPhone+OF Static Library";
		};
/* End PBXContainerItemProxy section */

/* Begin PBXFileReference section */
		1D30AB110D05D00D00671497 /* Foundation.framework */ = {isa = PBXFileReference; lastKnownFileType = wrapper.framework; name = Foundation.framework; path = System/Library/Frameworks/Foundation.framework; sourceTree = SDKROOT; };
		1D6058910D05DD3D006BFB54 /* iosTests.app */ = {isa = PBXFileReference; explicitFileType = wrapper.application; includeInIndex = 0; path = iosTests.app; sourceTree = BUILT_PRODUCTS_DIR; };
		1DF5F4DF0D08C38300B7A737 /* UIKit.framework */ = {isa = PBXFileReference; lastKnownFileType = wrapper.framework; name = UIKit.framework; path = System/Library/Frameworks/UIKit.framework; sourceTree = SDKROOT; };
		288765FC0DF74451002DB57D /* CoreGraphics.framework */ = {isa = PBXFileReference; lastKnownFileType = wrapper.framework; name = CoreGraphics.framework; path = System/Library/Frameworks/CoreGraphics.framework; sourceTree = SDKROOT; };
		32CA4F630368D1EE00C91783 /* iosTests-Prefix.pch */ = {isa = PBXFileReference; fileEncoding = 4; lastKnownFileType = sourcecode.c.h; path = "iosTests-Prefix.pch"; sourceTree = "<group>"; };
		5326AEA710A23A0500278DE6 /* CoreLocation.framework */ = {isa = PBXFileReference; lastKnownFileType = wrapper.framework; name = CoreLocation.framework; path = System/Library/Frameworks/CoreLocation.framework; sourceTree = SDKROOT; };
		53F323EA10A20EDB00E0DAE4 /* OpenAL.framework */ = {isa = PBXFileReference; lastKnownFileType = wrapper.framework; name = OpenAL.framework; path = System/Library/Frameworks/OpenAL.framework; sourceTree = SDKROOT; };
		6714A6F81B8AD79C00529509 /* AppDelegate.h */ = {isa = PBXFileReference; fileEncoding = 4; lastKnownFileType = sourcecode.c.h; path = AppDelegate.h; sourceTree = "<group>"; };
		6714A6F91B8AD79C00529509 /* AppDelegate.mm */ = {isa = PBXFileReference; fileEncoding = 4; lastKnownFileType = sourcecode.cpp.objcpp; path = AppDelegate.mm; sourceTree = "<group>"; };
		6714A6FA1B8AD79C00529509 /* AppViewController.h */ = {isa = PBXFileReference; fileEncoding = 4; lastKnownFileType = sourcecode.c.h; path = AppViewController.h; sourceTree = "<group>"; };
		6714A6FB1B8AD79C00529509 /* AppViewController.mm */ = {isa = PBXFileReference; fileEncoding = 4; lastKnownFileType = sourcecode.cpp.objcpp; path = AppViewController.mm; sourceTree = "<group>"; };
		673A08931B916CE900C39753 /* ofApp02.h */ = {isa = PBXFileReference; fileEncoding = 4; lastKnownFileType = sourcecode.c.h; path = ofApp02.h; sourceTree = "<group>"; };
		673A08941B916CE900C39753 /* ofApp02.mm */ = {isa = PBXFileReference; fileEncoding = 4; lastKnownFileType = sourcecode.cpp.objcpp; path = ofApp02.mm; sourceTree = "<group>"; };
		673A08951B916CE900C39753 /* ofApp03.h */ = {isa = PBXFileReference; fileEncoding = 4; lastKnownFileType = sourcecode.c.h; path = ofApp03.h; sourceTree = "<group>"; };
		673A08961B916CE900C39753 /* ofApp03.mm */ = {isa = PBXFileReference; fileEncoding = 4; lastKnownFileType = sourcecode.cpp.objcpp; path = ofApp03.mm; sourceTree = "<group>"; };
		673A08971B916CE900C39753 /* ofApp04.h */ = {isa = PBXFileReference; fileEncoding = 4; lastKnownFileType = sourcecode.c.h; path = ofApp04.h; sourceTree = "<group>"; };
		673A08981B916CE900C39753 /* ofApp04.mm */ = {isa = PBXFileReference; fileEncoding = 4; lastKnownFileType = sourcecode.cpp.objcpp; path = ofApp04.mm; sourceTree = "<group>"; };
		673A08991B916CE900C39753 /* ofApp05.h */ = {isa = PBXFileReference; fileEncoding = 4; lastKnownFileType = sourcecode.c.h; path = ofApp05.h; sourceTree = "<group>"; };
		673A089A1B916CE900C39753 /* ofApp05.mm */ = {isa = PBXFileReference; fileEncoding = 4; lastKnownFileType = sourcecode.cpp.objcpp; path = ofApp05.mm; sourceTree = "<group>"; };
		673A089B1B916CE900C39753 /* ofApp06.h */ = {isa = PBXFileReference; fileEncoding = 4; lastKnownFileType = sourcecode.c.h; path = ofApp06.h; sourceTree = "<group>"; };
		673A089C1B916CE900C39753 /* ofApp06.mm */ = {isa = PBXFileReference; fileEncoding = 4; lastKnownFileType = sourcecode.cpp.objcpp; path = ofApp06.mm; sourceTree = "<group>"; };
		673A089D1B916CE900C39753 /* ofApp07.h */ = {isa = PBXFileReference; fileEncoding = 4; lastKnownFileType = sourcecode.c.h; path = ofApp07.h; sourceTree = "<group>"; };
		673A089E1B916CE900C39753 /* ofApp07.mm */ = {isa = PBXFileReference; fileEncoding = 4; lastKnownFileType = sourcecode.cpp.objcpp; path = ofApp07.mm; sourceTree = "<group>"; };
		673A089F1B916CE900C39753 /* ofApp08.h */ = {isa = PBXFileReference; fileEncoding = 4; lastKnownFileType = sourcecode.c.h; path = ofApp08.h; sourceTree = "<group>"; };
		673A08A01B916CE900C39753 /* ofApp08.mm */ = {isa = PBXFileReference; fileEncoding = 4; lastKnownFileType = sourcecode.cpp.objcpp; path = ofApp08.mm; sourceTree = "<group>"; };
		673A08A11B916CE900C39753 /* ofApp09.h */ = {isa = PBXFileReference; fileEncoding = 4; lastKnownFileType = sourcecode.c.h; path = ofApp09.h; sourceTree = "<group>"; };
		673A08A21B916CE900C39753 /* ofApp09.mm */ = {isa = PBXFileReference; fileEncoding = 4; lastKnownFileType = sourcecode.cpp.objcpp; path = ofApp09.mm; sourceTree = "<group>"; };
		673A08A31B916CE900C39753 /* ofApp10.h */ = {isa = PBXFileReference; fileEncoding = 4; lastKnownFileType = sourcecode.c.h; path = ofApp10.h; sourceTree = "<group>"; };
		673A08A41B916CE900C39753 /* ofApp10.mm */ = {isa = PBXFileReference; fileEncoding = 4; lastKnownFileType = sourcecode.cpp.objcpp; path = ofApp10.mm; sourceTree = "<group>"; };
		673A08A51B916CE900C39753 /* ofApp11.h */ = {isa = PBXFileReference; fileEncoding = 4; lastKnownFileType = sourcecode.c.h; path = ofApp11.h; sourceTree = "<group>"; };
		673A08A61B916CE900C39753 /* ofApp11.mm */ = {isa = PBXFileReference; fileEncoding = 4; lastKnownFileType = sourcecode.cpp.objcpp; path = ofApp11.mm; sourceTree = "<group>"; };
		673A08A71B916CE900C39753 /* ofApp12.h */ = {isa = PBXFileReference; fileEncoding = 4; lastKnownFileType = sourcecode.c.h; path = ofApp12.h; sourceTree = "<group>"; };
		673A08A81B916CE900C39753 /* ofApp12.mm */ = {isa = PBXFileReference; fileEncoding = 4; lastKnownFileType = sourcecode.cpp.objcpp; path = ofApp12.mm; sourceTree = "<group>"; };
		67C8C45F1B92B512000F9E8D /* ofApp.h */ = {isa = PBXFileReference; fileEncoding = 4; lastKnownFileType = sourcecode.c.h; path = ofApp.h; sourceTree = "<group>"; };
		67C8C4601B92B512000F9E8D /* ofApp.mm */ = {isa = PBXFileReference; fileEncoding = 4; lastKnownFileType = sourcecode.cpp.objcpp; path = ofApp.mm; sourceTree = "<group>"; };
		67CE7BB61B8B54730095D0F9 /* AppViewController.xib */ = {isa = PBXFileReference; fileEncoding = 4; lastKnownFileType = file.xib; path = AppViewController.xib; sourceTree = "<group>"; };
		67D43B661B9172CE0020C54A /* iosTests-Media.xcassets */ = {isa = PBXFileReference; lastKnownFileType = folder.assetcatalog; path = "iosTests-Media.xcassets"; sourceTree = "<group>"; };
		67DFA53419F92A5E003B3434 /* Accelerate.framework */ = {isa = PBXFileReference; lastKnownFileType = wrapper.framework; name = Accelerate.framework; path = System/Library/Frameworks/Accelerate.framework; sourceTree = SDKROOT; };
		67F841421B8AD9CD00C47ABA /* ofApp01.h */ = {isa = PBXFileReference; fileEncoding = 4; lastKnownFileType = sourcecode.c.h; path = ofApp01.h; sourceTree = "<group>"; };
		67F841431B8AD9CD00C47ABA /* ofApp01.mm */ = {isa = PBXFileReference; fileEncoding = 4; lastKnownFileType = sourcecode.cpp.objcpp; path = ofApp01.mm; sourceTree = "<group>"; };
		BB16EBD10F2B2A9500518274 /* OpenGLES.framework */ = {isa = PBXFileReference; lastKnownFileType = wrapper.framework; name = OpenGLES.framework; path = System/Library/Frameworks/OpenGLES.framework; sourceTree = SDKROOT; };
		BB16EBD80F2B2AB500518274 /* QuartzCore.framework */ = {isa = PBXFileReference; lastKnownFileType = wrapper.framework; name = QuartzCore.framework; path = System/Library/Frameworks/QuartzCore.framework; sourceTree = SDKROOT; };
		BB24DDC910DA781C00E9C588 /* iosTests-Info.plist */ = {isa = PBXFileReference; fileEncoding = 4; lastKnownFileType = text.plist.xml; path = "iosTests-Info.plist"; sourceTree = "<group>"; };
		BBE5EAB70F49AD8400F28951 /* AudioToolbox.framework */ = {isa = PBXFileReference; lastKnownFileType = wrapper.framework; name = AudioToolbox.framework; path = System/Library/Frameworks/AudioToolbox.framework; sourceTree = SDKROOT; };
		E41D3ED613B38FB500A75A5D /* iosTests-Project.xcconfig */ = {isa = PBXFileReference; fileEncoding = 4; lastKnownFileType = text.xcconfig; path = "iosTests-Project.xcconfig"; sourceTree = "<group>"; };
		E41D3EE513B3906D00A75A5D /* CoreOF.xcconfig */ = {isa = PBXFileReference; fileEncoding = 4; lastKnownFileType = text.xcconfig; name = CoreOF.xcconfig; path = ../../../libs/openFrameworksCompiled/project/ios/CoreOF.xcconfig; sourceTree = SOURCE_ROOT; };
		E41D400613B39D2100A75A5D /* AVFoundation.framework */ = {isa = PBXFileReference; lastKnownFileType = wrapper.framework; name = AVFoundation.framework; path = System/Library/Frameworks/AVFoundation.framework; sourceTree = SDKROOT; };
		E41D400713B39D2100A75A5D /* CoreMedia.framework */ = {isa = PBXFileReference; lastKnownFileType = wrapper.framework; name = CoreMedia.framework; path = System/Library/Frameworks/CoreMedia.framework; sourceTree = SDKROOT; };
		E41D400813B39D2100A75A5D /* CoreVideo.framework */ = {isa = PBXFileReference; lastKnownFileType = wrapper.framework; name = CoreVideo.framework; path = System/Library/Frameworks/CoreVideo.framework; sourceTree = SDKROOT; };
		E41D400913B39D2100A75A5D /* MapKit.framework */ = {isa = PBXFileReference; lastKnownFileType = wrapper.framework; name = MapKit.framework; path = System/Library/Frameworks/MapKit.framework; sourceTree = SDKROOT; };
		E41D40FD13B3A0D800A75A5D /* iOS+OFLib.xcodeproj */ = {isa = PBXFileReference; lastKnownFileType = "wrapper.pb-project"; name = "iOS+OFLib.xcodeproj"; path = "../../../libs/openFrameworksCompiled/project/ios/iOS+OFLib.xcodeproj"; sourceTree = SOURCE_ROOT; };
		E4A823A312561BE3002F86A2 /* CoreGraphics.framework */ = {isa = PBXFileReference; lastKnownFileType = wrapper.framework; name = CoreGraphics.framework; path = System/Library/Frameworks/CoreGraphics.framework; sourceTree = SDKROOT; };
		E4D8936B11527B74007E1F53 /* main.mm */ = {isa = PBXFileReference; fileEncoding = 4; lastKnownFileType = sourcecode.cpp.objcpp; name = main.mm; path = src/main.mm; sourceTree = SOURCE_ROOT; };
/* End PBXFileReference section */

/* Begin PBXFrameworksBuildPhase section */
		1D60588F0D05DD3D006BFB54 /* Frameworks */ = {
			isa = PBXFrameworksBuildPhase;
			buildActionMask = 2147483647;
			files = (
				E41D421413B3A95300A75A5D /* libofxiOS_iphoneos_Debug.a in Frameworks */,
				1D60589F0D05DD5A006BFB54 /* Foundation.framework in Frameworks */,
				1DF5F4E00D08C38300B7A737 /* UIKit.framework in Frameworks */,
				288765FD0DF74451002DB57D /* CoreGraphics.framework in Frameworks */,
				BB16EBD20F2B2A9500518274 /* OpenGLES.framework in Frameworks */,
				BB16EBD90F2B2AB500518274 /* QuartzCore.framework in Frameworks */,
				BBE5EAB80F49AD8400F28951 /* AudioToolbox.framework in Frameworks */,
				53F323EB10A20EDB00E0DAE4 /* OpenAL.framework in Frameworks */,
				5326AEA810A23A0500278DE6 /* CoreLocation.framework in Frameworks */,
				E41D400B13B39D2100A75A5D /* AVFoundation.framework in Frameworks */,
				E41D400C13B39D2100A75A5D /* CoreMedia.framework in Frameworks */,
				E41D400D13B39D2100A75A5D /* CoreVideo.framework in Frameworks */,
				E41D400E13B39D2100A75A5D /* MapKit.framework in Frameworks */,
				67DFA53619F92A69003B3434 /* Accelerate.framework in Frameworks */,
			);
			runOnlyForDeploymentPostprocessing = 0;
		};
/* End PBXFrameworksBuildPhase section */

/* Begin PBXGroup section */
		19C28FACFE9D520D11CA2CBB /* Products */ = {
			isa = PBXGroup;
			children = (
				1D6058910D05DD3D006BFB54 /* iosTests.app */,
			);
			name = Products;
			sourceTree = "<group>";
		};
		29B97314FDCFA39411CA2CEA /* CustomTemplate */ = {
			isa = PBXGroup;
			children = (
				67D43B661B9172CE0020C54A /* iosTests-Media.xcassets */,
				32CA4F630368D1EE00C91783 /* iosTests-Prefix.pch */,
				BB24DDC910DA781C00E9C588 /* iosTests-Info.plist */,
				E41D3ED613B38FB500A75A5D /* iosTests-Project.xcconfig */,
				E4D8936A11527B74007E1F53 /* src */,
				BB24E1F710DAA51900E9C588 /* openFrameworks */,
				BB16F26B0F2B646B00518274 /* addons */,
				BB16E9930F2B1E5900518274 /* libs */,
				19C28FACFE9D520D11CA2CBB /* Products */,
			);
			name = CustomTemplate;
			sourceTree = "<group>";
		};
		29B97323FDCFA39411CA2CEA /* core frameworks */ = {
			isa = PBXGroup;
			children = (
				E41D400613B39D2100A75A5D /* AVFoundation.framework */,
				E41D400713B39D2100A75A5D /* CoreMedia.framework */,
				E41D400813B39D2100A75A5D /* CoreVideo.framework */,
				E41D400913B39D2100A75A5D /* MapKit.framework */,
				53F323EA10A20EDB00E0DAE4 /* OpenAL.framework */,
				E4A823A312561BE3002F86A2 /* CoreGraphics.framework */,
				BBE5EAB70F49AD8400F28951 /* AudioToolbox.framework */,
				BB16EBD80F2B2AB500518274 /* QuartzCore.framework */,
				BB16EBD10F2B2A9500518274 /* OpenGLES.framework */,
				1DF5F4DF0D08C38300B7A737 /* UIKit.framework */,
				1D30AB110D05D00D00671497 /* Foundation.framework */,
				288765FC0DF74451002DB57D /* CoreGraphics.framework */,
				5326AEA710A23A0500278DE6 /* CoreLocation.framework */,
				67DFA53419F92A5E003B3434 /* Accelerate.framework */,
			);
			name = "core frameworks";
			sourceTree = "<group>";
		};
		6714A6F71B8AD79C00529509 /* UI */ = {
			isa = PBXGroup;
			children = (
				6714A6F81B8AD79C00529509 /* AppDelegate.h */,
				6714A6F91B8AD79C00529509 /* AppDelegate.mm */,
				6714A6FA1B8AD79C00529509 /* AppViewController.h */,
				6714A6FB1B8AD79C00529509 /* AppViewController.mm */,
				67CE7BB61B8B54730095D0F9 /* AppViewController.xib */,
			);
			path = UI;
			sourceTree = "<group>";
		};
		67F841411B8AD9CD00C47ABA /* OF */ = {
			isa = PBXGroup;
			children = (
				67C8C45F1B92B512000F9E8D /* ofApp.h */,
				67C8C4601B92B512000F9E8D /* ofApp.mm */,
				67F841421B8AD9CD00C47ABA /* ofApp01.h */,
				67F841431B8AD9CD00C47ABA /* ofApp01.mm */,
				673A08931B916CE900C39753 /* ofApp02.h */,
				673A08941B916CE900C39753 /* ofApp02.mm */,
				673A08951B916CE900C39753 /* ofApp03.h */,
				673A08961B916CE900C39753 /* ofApp03.mm */,
				673A08971B916CE900C39753 /* ofApp04.h */,
				673A08981B916CE900C39753 /* ofApp04.mm */,
				673A08991B916CE900C39753 /* ofApp05.h */,
				673A089A1B916CE900C39753 /* ofApp05.mm */,
				673A089B1B916CE900C39753 /* ofApp06.h */,
				673A089C1B916CE900C39753 /* ofApp06.mm */,
				673A089D1B916CE900C39753 /* ofApp07.h */,
				673A089E1B916CE900C39753 /* ofApp07.mm */,
				673A089F1B916CE900C39753 /* ofApp08.h */,
				673A08A01B916CE900C39753 /* ofApp08.mm */,
				673A08A11B916CE900C39753 /* ofApp09.h */,
				673A08A21B916CE900C39753 /* ofApp09.mm */,
				673A08A31B916CE900C39753 /* ofApp10.h */,
				673A08A41B916CE900C39753 /* ofApp10.mm */,
				673A08A51B916CE900C39753 /* ofApp11.h */,
				673A08A61B916CE900C39753 /* ofApp11.mm */,
				673A08A71B916CE900C39753 /* ofApp12.h */,
				673A08A81B916CE900C39753 /* ofApp12.mm */,
			);
			path = OF;
			sourceTree = "<group>";
		};
		BB16E9930F2B1E5900518274 /* libs */ = {
			isa = PBXGroup;
			children = (
				BBE5E94E0F497BD800F28951 /* core */,
			);
			name = libs;
			sourceTree = "<group>";
		};
		BB16F26B0F2B646B00518274 /* addons */ = {
			isa = PBXGroup;
			children = (
			);
			name = addons;
			sourceTree = "<group>";
		};
		BB24E1F710DAA51900E9C588 /* openFrameworks */ = {
			isa = PBXGroup;
			children = (
				E41D40FD13B3A0D800A75A5D /* iOS+OFLib.xcodeproj */,
				E41D3EE513B3906D00A75A5D /* CoreOF.xcconfig */,
			);
			name = openFrameworks;
			sourceTree = "<group>";
		};
		BBE5E94E0F497BD800F28951 /* core */ = {
			isa = PBXGroup;
			children = (
				29B97323FDCFA39411CA2CEA /* core frameworks */,
			);
			name = core;
			sourceTree = "<group>";
		};
		E41D40FE13B3A0D800A75A5D /* Products */ = {
			isa = PBXGroup;
			children = (
				E41D410213B3A0D800A75A5D /* libofxiOS_iphoneos_Debug.a */,
			);
			name = Products;
			sourceTree = "<group>";
		};
		E4D8936A11527B74007E1F53 /* src */ = {
			isa = PBXGroup;
			children = (
				E4D8936B11527B74007E1F53 /* main.mm */,
				6714A6F71B8AD79C00529509 /* UI */,
				67F841411B8AD9CD00C47ABA /* OF */,
			);
			path = src;
			sourceTree = SOURCE_ROOT;
		};
/* End PBXGroup section */

/* Begin PBXNativeTarget section */
		1D6058900D05DD3D006BFB54 /* iosTests */ = {
			isa = PBXNativeTarget;
			buildConfigurationList = 1D6058960D05DD3E006BFB54 /* Build configuration list for PBXNativeTarget "iosTests" */;
			buildPhases = (
				1D60588D0D05DD3D006BFB54 /* Resources */,
				1D60588E0D05DD3D006BFB54 /* Sources */,
				1D60588F0D05DD3D006BFB54 /* Frameworks */,
				9255DD331112741900D6945E /* ShellScript */,
			);
			buildRules = (
			);
			dependencies = (
				E41D410413B3A11300A75A5D /* PBXTargetDependency */,
			);
			name = iosTests;
			productName = iPhone;
			productReference = 1D6058910D05DD3D006BFB54 /* iosTests.app */;
			productType = "com.apple.product-type.application";
		};
/* End PBXNativeTarget section */

/* Begin PBXProject section */
		29B97313FDCFA39411CA2CEA /* Project object */ = {
			isa = PBXProject;
			attributes = {
				LastUpgradeCheck = 0640;
			};
			buildConfigurationList = C01FCF4E08A954540054247B /* Build configuration list for PBXProject "iosTests" */;
			compatibilityVersion = "Xcode 3.2";
			developmentRegion = English;
			hasScannedForEncodings = 1;
			knownRegions = (
				English,
				Japanese,
				French,
				German,
			);
			mainGroup = 29B97314FDCFA39411CA2CEA /* CustomTemplate */;
			projectDirPath = "";
			projectReferences = (
				{
					ProductGroup = E41D40FE13B3A0D800A75A5D /* Products */;
					ProjectRef = E41D40FD13B3A0D800A75A5D /* iOS+OFLib.xcodeproj */;
				},
			);
			projectRoot = "";
			targets = (
				1D6058900D05DD3D006BFB54 /* iosTests */,
			);
		};
/* End PBXProject section */

/* Begin PBXReferenceProxy section */
		E41D410213B3A0D800A75A5D /* libofxiOS_iphoneos_Debug.a */ = {
			isa = PBXReferenceProxy;
			fileType = archive.ar;
			path = libofxiOS_iphoneos_Debug.a;
			remoteRef = E41D410113B3A0D800A75A5D /* PBXContainerItemProxy */;
			sourceTree = BUILT_PRODUCTS_DIR;
		};
/* End PBXReferenceProxy section */

/* Begin PBXResourcesBuildPhase section */
		1D60588D0D05DD3D006BFB54 /* Resources */ = {
			isa = PBXResourcesBuildPhase;
			buildActionMask = 2147483647;
			files = (
				67D43B671B9172CE0020C54A /* iosTests-Media.xcassets in Resources */,
				67CE7BB71B8B54730095D0F9 /* AppViewController.xib in Resources */,
			);
			runOnlyForDeploymentPostprocessing = 0;
		};
/* End PBXResourcesBuildPhase section */

/* Begin PBXShellScriptBuildPhase section */
		9255DD331112741900D6945E /* ShellScript */ = {
			isa = PBXShellScriptBuildPhase;
			buildActionMask = 2147483647;
			files = (
			);
			inputPaths = (
			);
			outputPaths = (
			);
			runOnlyForDeploymentPostprocessing = 0;
			shellPath = /bin/sh;
			shellScript = "rsync -avz --exclude='.DS_Store' \"${SRCROOT}/bin/data/\" \"${TARGET_BUILD_DIR}/${UNLOCALIZED_RESOURCES_FOLDER_PATH}\"";
		};
/* End PBXShellScriptBuildPhase section */

/* Begin PBXSourcesBuildPhase section */
		1D60588E0D05DD3D006BFB54 /* Sources */ = {
			isa = PBXSourcesBuildPhase;
			buildActionMask = 2147483647;
			files = (
				6714A6FD1B8AD79C00529509 /* AppViewController.mm in Sources */,
				673A08AE1B916CE900C39753 /* ofApp07.mm in Sources */,
				673A08A91B916CE900C39753 /* ofApp02.mm in Sources */,
				E4D8936E11527B74007E1F53 /* main.mm in Sources */,
				67F841441B8AD9CD00C47ABA /* ofApp01.mm in Sources */,
				67C8C4611B92B512000F9E8D /* ofApp.mm in Sources */,
				673A08B01B916CE900C39753 /* ofApp09.mm in Sources */,
				673A08B31B916CE900C39753 /* ofApp12.mm in Sources */,
				673A08AB1B916CE900C39753 /* ofApp04.mm in Sources */,
				673A08B11B916CE900C39753 /* ofApp10.mm in Sources */,
				673A08AD1B916CE900C39753 /* ofApp06.mm in Sources */,
				673A08AF1B916CE900C39753 /* ofApp08.mm in Sources */,
				673A08AC1B916CE900C39753 /* ofApp05.mm in Sources */,
				6714A6FC1B8AD79C00529509 /* AppDelegate.mm in Sources */,
				673A08B21B916CE900C39753 /* ofApp11.mm in Sources */,
				673A08AA1B916CE900C39753 /* ofApp03.mm in Sources */,
			);
			runOnlyForDeploymentPostprocessing = 0;
		};
/* End PBXSourcesBuildPhase section */

/* Begin PBXTargetDependency section */
		E41D410413B3A11300A75A5D /* PBXTargetDependency */ = {
			isa = PBXTargetDependency;
			name = "iPhone+OF Static Library";
			targetProxy = E41D410313B3A11300A75A5D /* PBXContainerItemProxy */;
		};
/* End PBXTargetDependency section */

/* Begin XCBuildConfiguration section */
		1D6058940D05DD3E006BFB54 /* Debug */ = {
			isa = XCBuildConfiguration;
			buildSettings = {
				ALWAYS_SEARCH_USER_PATHS = NO;
				ASSETCATALOG_COMPILER_APPICON_NAME = AppIcon;
				ASSETCATALOG_COMPILER_LAUNCHIMAGE_NAME = LaunchImage;
				CLANG_ENABLE_OBJC_ARC = YES;
				GCC_PRECOMPILE_PREFIX_HEADER = YES;
				GCC_PREFIX_HEADER = "iosTests-Prefix.pch";
				"GCC_WARN_64_TO_32_BIT_CONVERSION[arch=*64]" = NO;
				INFOPLIST_FILE = "iosTests-Info.plist";
				IPHONEOS_DEPLOYMENT_TARGET = 5.1.1;
				PRODUCT_NAME = iosTests;
				TARGETED_DEVICE_FAMILY = "1,2";
				VALID_ARCHS = "$(ARCHS_STANDARD)";
			};
			name = Debug;
		};
		1D6058950D05DD3E006BFB54 /* Release */ = {
			isa = XCBuildConfiguration;
			buildSettings = {
				ASSETCATALOG_COMPILER_APPICON_NAME = AppIcon;
				ASSETCATALOG_COMPILER_LAUNCHIMAGE_NAME = LaunchImage;
				CLANG_ENABLE_OBJC_ARC = YES;
				GCC_PRECOMPILE_PREFIX_HEADER = YES;
				GCC_PREFIX_HEADER = "iosTests-Prefix.pch";
				"GCC_WARN_64_TO_32_BIT_CONVERSION[arch=*64]" = NO;
				INFOPLIST_FILE = "iosTests-Info.plist";
				IPHONEOS_DEPLOYMENT_TARGET = 5.1.1;
				PRODUCT_NAME = iosTests;
				TARGETED_DEVICE_FAMILY = "1,2";
				VALID_ARCHS = "$(ARCHS_STANDARD)";
			};
			name = Release;
		};
		C01FCF4F08A954540054247B /* Debug */ = {
			isa = XCBuildConfiguration;
			baseConfigurationReference = E41D3ED613B38FB500A75A5D /* iosTests-Project.xcconfig */;
			buildSettings = {
				ALWAYS_SEARCH_USER_PATHS = YES;
				CLANG_CXX_LIBRARY = "libc++";
				CODE_SIGN_IDENTITY = "";
				"CODE_SIGN_IDENTITY[sdk=iphoneos*]" = "iPhone Developer";
				"CODE_SIGN_IDENTITY[sdk=iphonesimulator*]" = "";
				COMPRESS_PNG_FILES = NO;
				GCC_C_LANGUAGE_STANDARD = c11;
				GCC_OPTIMIZATION_LEVEL = 0;
				GCC_SYMBOLS_PRIVATE_EXTERN = NO;
				"GCC_WARN_64_TO_32_BIT_CONVERSION[arch=*64]" = NO;
				GCC_WARN_ABOUT_INVALID_OFFSETOF_MACRO = NO;
				GCC_WARN_ABOUT_POINTER_SIGNEDNESS = NO;
				GCC_WARN_ABOUT_RETURN_TYPE = YES;
				GCC_WARN_ALLOW_INCOMPLETE_PROTOCOL = NO;
				GCC_WARN_PROTOTYPE_CONVERSION = NO;
				GCC_WARN_UNUSED_VARIABLE = YES;
				IPHONEOS_DEPLOYMENT_TARGET = 5.1.1;
				ONLY_ACTIVE_ARCH = YES;
				"PROVISIONING_PROFILE[sdk=iphoneos*]" = "";
				SDKROOT = iphoneos;
				TARGETED_DEVICE_FAMILY = 1;
				VALID_ARCHS = "$(ARCHS_STANDARD)";
				WARNING_LDFLAGS = "-no_arch_warnings";
			};
			name = Debug;
		};
		C01FCF5008A954540054247B /* Release */ = {
			isa = XCBuildConfiguration;
			baseConfigurationReference = E41D3ED613B38FB500A75A5D /* iosTests-Project.xcconfig */;
			buildSettings = {
				ALWAYS_SEARCH_USER_PATHS = YES;
				CLANG_CXX_LIBRARY = "libc++";
				CODE_SIGN_IDENTITY = "";
				"CODE_SIGN_IDENTITY[sdk=iphoneos*]" = "iPhone Developer";
				"CODE_SIGN_IDENTITY[sdk=iphonesimulator*]" = "";
				COMPRESS_PNG_FILES = NO;
				GCC_C_LANGUAGE_STANDARD = c11;
				GCC_DYNAMIC_NO_PIC = NO;
				GCC_GENERATE_DEBUGGING_SYMBOLS = NO;
				GCC_OPTIMIZATION_LEVEL = s;
				GCC_SYMBOLS_PRIVATE_EXTERN = NO;
				GCC_THUMB_SUPPORT = NO;
				"GCC_WARN_64_TO_32_BIT_CONVERSION[arch=*64]" = NO;
				GCC_WARN_ABOUT_RETURN_TYPE = YES;
				GCC_WARN_UNUSED_VARIABLE = YES;
				IPHONEOS_DEPLOYMENT_TARGET = 5.1.1;
				ONLY_ACTIVE_ARCH = NO;
				SDKROOT = iphoneos;
				TARGETED_DEVICE_FAMILY = 1;
				VALID_ARCHS = "$(ARCHS_STANDARD)";
				WARNING_LDFLAGS = "-no_arch_warnings";
			};
			name = Release;
		};
/* End XCBuildConfiguration section */

/* Begin XCConfigurationList section */
		1D6058960D05DD3E006BFB54 /* Build configuration list for PBXNativeTarget "iosTests" */ = {
			isa = XCConfigurationList;
			buildConfigurations = (
				1D6058940D05DD3E006BFB54 /* Debug */,
				1D6058950D05DD3E006BFB54 /* Release */,
			);
			defaultConfigurationIsVisible = 0;
			defaultConfigurationName = Release;
		};
		C01FCF4E08A954540054247B /* Build configuration list for PBXProject "iosTests" */ = {
			isa = XCConfigurationList;
			buildConfigurations = (
				C01FCF4F08A954540054247B /* Debug */,
				C01FCF5008A954540054247B /* Release */,
			);
			defaultConfigurationIsVisible = 0;
			defaultConfigurationName = Release;
		};
/* End XCConfigurationList section */
	};
	rootObject = 29B97313FDCFA39411CA2CEA /* Project object */;
}
